
Microsoft Visual Studio Solution File, Format Version 12.00
# Visual Studio Version 16
VisualStudioVersion = 16.0.29911.84
MinimumVisualStudioVersion = 10.0.40219.1
Project("{F184B08F-C81C-45F6-A57F-5ABD9991F28F}") = "BibliotecaClases", "BibliotecaClases\BibliotecaClases.vbproj", "{77BDFE6E-F394-4002-912D-4755F16500F2}"
EndProject
Project("{F184B08F-C81C-45F6-A57F-5ABD9991F28F}") = "Ventanas", "Ventanas\Ventanas.vbproj", "{673506E2-0387-4884-885B-D2CC5FC51C8C}"
EndProject
Global
	GlobalSection(SolutionConfigurationPlatforms) = preSolution
		Debug|Any CPU = Debug|Any CPU
		Release|Any CPU = Release|Any CPU
	EndGlobalSection
	GlobalSection(ProjectConfigurationPlatforms) = postSolution
		{77BDFE6E-F394-4002-912D-4755F16500F2}.Debug|Any CPU.ActiveCfg = Debug|Any CPU
		{77BDFE6E-F394-4002-912D-4755F16500F2}.Debug|Any CPU.Build.0 = Debug|Any CPU
		{77BDFE6E-F394-4002-912D-4755F16500F2}.Release|Any CPU.ActiveCfg = Release|Any CPU
		{77BDFE6E-F394-4002-912D-4755F16500F2}.Release|Any CPU.Build.0 = Release|Any CPU
		{673506E2-0387-4884-885B-D2CC5FC51C8C}.Debug|Any CPU.ActiveCfg = Debug|Any CPU
		{673506E2-0387-4884-885B-D2CC5FC51C8C}.Debug|Any CPU.Build.0 = Debug|Any CPU
		{673506E2-0387-4884-885B-D2CC5FC51C8C}.Release|Any CPU.ActiveCfg = Release|Any CPU
		{673506E2-0387-4884-885B-D2CC5FC51C8C}.Release|Any CPU.Build.0 = Release|Any CPU
	EndGlobalSection
	GlobalSection(SolutionProperties) = preSolution
		HideSolutionNode = FALSE
	EndGlobalSection
	GlobalSection(ExtensibilityGlobals) = postSolution
		SolutionGuid = {12444964-7260-4671-B799-AE065416FE46}
	EndGlobalSection
EndGlobal
